# THIS IS AN AUTOGENERATED FILE. DO NOT EDIT THIS FILE DIRECTLY.
# yarn lockfile v1


async-cache@~0.1.2:
  version "0.1.5"
  resolved "https://registry.yarnpkg.com/async-cache/-/async-cache-0.1.5.tgz#b7cd396d295aa8c52829bbe30ec33b62426006da"
  dependencies:
    lru-cache "~2.3"

fd@~0.0.2:
  version "0.0.2"
  resolved "https://registry.yarnpkg.com/fd/-/fd-0.0.2.tgz#e0edb2bd7a88cc86dd9f16391cba832418fd87ee"

graceful-fs@~1.2:
  version "1.2.3"
  resolved "https://registry.yarnpkg.com/graceful-fs/-/graceful-fs-1.2.3.tgz#15a4806a57547cb2d2dbf27f42e89a8c3451b364"

lru-cache@~2.3:
  version "2.3.1"
  resolved "https://registry.yarnpkg.com/lru-cache/-/lru-cache-2.3.1.tgz#b3adf6b3d856e954e2c390e6cef22081245a53d6"

mime@~1.2.7:
  version "1.2.11"
  resolved "https://registry.yarnpkg.com/mime/-/mime-1.2.11.tgz#58203eed86e3a5ef17aed2b7d9ebd47f0a60dd10"

negotiator@~0.2.5:
  version "0.2.8"
  resolved "https://registry.yarnpkg.com/negotiator/-/negotiator-0.2.8.tgz#adfd207a3875c4d37095729c2e7c283c5ba2ee72"

st@~0.2.5:
  version "0.2.6"
  resolved "https://registry.yarnpkg.com/st/-/st-0.2.6.tgz#b78bb5d647e456abd4c122d3ac699dacc8bba3f9"
  dependencies:
    async-cache "~0.1.2"
    fd "~0.0.2"
    mime "~1.2.7"
    negotiator "~0.2.5"
  optionalDependencies:
    graceful-fs "~1.2"
